
Microsoft Visual Studio Solution File, Format Version 12.00
# Visual Studio Version 17
VisualStudioVersion = 17.0.32014.148
MinimumVisualStudioVersion = 10.0.40219.1
Project("{FAE04EC0-301F-11D3-BF4B-00C04F79EFBC}") = "DotnetCore4TypesOfEnvironments", "DotnetCore4TypesOfEnvironments\DotnetCore4TypesOfEnvironments.csproj", "{AE8A1AB0-34A4-4D63-BD41-FD5A19DEA765}"
EndProject
Global
	GlobalSection(SolutionConfigurationPlatforms) = preSolution
		Debug|Any CPU = Debug|Any CPU
		Release|Any CPU = Release|Any CPU
	EndGlobalSection
	GlobalSection(ProjectConfigurationPlatforms) = postSolution
		{AE8A1AB0-34A4-4D63-BD41-FD5A19DEA765}.Debug|Any CPU.ActiveCfg = Debug|Any CPU
		{AE8A1AB0-34A4-4D63-BD41-FD5A19DEA765}.Debug|Any CPU.Build.0 = Debug|Any CPU
		{AE8A1AB0-34A4-4D63-BD41-FD5A19DEA765}.Release|Any CPU.ActiveCfg = Release|Any CPU
		{AE8A1AB0-34A4-4D63-BD41-FD5A19DEA765}.Release|Any CPU.Build.0 = Release|Any CPU
	EndGlobalSection
	GlobalSection(SolutionProperties) = preSolution
		HideSolutionNode = FALSE
	EndGlobalSection
	GlobalSection(ExtensibilityGlobals) = postSolution
		SolutionGuid = {1356D533-323B-4FFB-97A5-B88983213A2A}
	EndGlobalSection
EndGlobal
